
Microsoft Visual Studio Solution File, Format Version 12.00
# Visual Studio Version 17
VisualStudioVersion = 17.5.33103.201
MinimumVisualStudioVersion = 10.0.40219.1
Project("{9A19103F-16F7-4668-BE54-9A1E7A4F7556}") = "Messager.API", "Messager.API\Messager.API.csproj", "{6B7E130C-1C19-4A7D-A760-711D372ADA3C}"
EndProject
Project("{FAE04EC0-301F-11D3-BF4B-00C04F79EFBC}") = "Messager.Application", "Messager.Application\Messager.Application.csproj", "{D56850EF-1372-4BC4-AE6C-8BAA59BB3433}"
EndProject
Project("{FAE04EC0-301F-11D3-BF4B-00C04F79EFBC}") = "Messager.Infrastructure", "Messager.Infrastructure\Messager.Infrastructure.csproj", "{5D866A3C-8036-4B72-8F7D-77382AF8081F}"
EndProject
Project("{FAE04EC0-301F-11D3-BF4B-00C04F79EFBC}") = "Messager.Tests", "Messager.Tests\Messager.Tests.csproj", "{9CCD554F-F6E8-470F-893A-A92C129052E2}"
EndProject
Global
	GlobalSection(SolutionConfigurationPlatforms) = preSolution
		Debug|Any CPU = Debug|Any CPU
		Release|Any CPU = Release|Any CPU
	EndGlobalSection
	GlobalSection(ProjectConfigurationPlatforms) = postSolution
		{6B7E130C-1C19-4A7D-A760-711D372ADA3C}.Debug|Any CPU.ActiveCfg = Debug|Any CPU
		{6B7E130C-1C19-4A7D-A760-711D372ADA3C}.Debug|Any CPU.Build.0 = Debug|Any CPU
		{6B7E130C-1C19-4A7D-A760-711D372ADA3C}.Release|Any CPU.ActiveCfg = Release|Any CPU
		{6B7E130C-1C19-4A7D-A760-711D372ADA3C}.Release|Any CPU.Build.0 = Release|Any CPU
		{D56850EF-1372-4BC4-AE6C-8BAA59BB3433}.Debug|Any CPU.ActiveCfg = Debug|Any CPU
		{D56850EF-1372-4BC4-AE6C-8BAA59BB3433}.Debug|Any CPU.Build.0 = Debug|Any CPU
		{D56850EF-1372-4BC4-AE6C-8BAA59BB3433}.Release|Any CPU.ActiveCfg = Release|Any CPU
		{D56850EF-1372-4BC4-AE6C-8BAA59BB3433}.Release|Any CPU.Build.0 = Release|Any CPU
		{5D866A3C-8036-4B72-8F7D-77382AF8081F}.Debug|Any CPU.ActiveCfg = Debug|Any CPU
		{5D866A3C-8036-4B72-8F7D-77382AF8081F}.Debug|Any CPU.Build.0 = Debug|Any CPU
		{5D866A3C-8036-4B72-8F7D-77382AF8081F}.Release|Any CPU.ActiveCfg = Release|Any CPU
		{5D866A3C-8036-4B72-8F7D-77382AF8081F}.Release|Any CPU.Build.0 = Release|Any CPU
		{9CCD554F-F6E8-470F-893A-A92C129052E2}.Debug|Any CPU.ActiveCfg = Debug|Any CPU
		{9CCD554F-F6E8-470F-893A-A92C129052E2}.Debug|Any CPU.Build.0 = Debug|Any CPU
		{9CCD554F-F6E8-470F-893A-A92C129052E2}.Release|Any CPU.ActiveCfg = Release|Any CPU
		{9CCD554F-F6E8-470F-893A-A92C129052E2}.Release|Any CPU.Build.0 = Release|Any CPU
	EndGlobalSection
	GlobalSection(SolutionProperties) = preSolution
		HideSolutionNode = FALSE
	EndGlobalSection
	GlobalSection(ExtensibilityGlobals) = postSolution
		SolutionGuid = {624C0A93-5ABF-4956-9871-62F0BCE573EB}
	EndGlobalSection
EndGlobal
